
Microsoft Visual Studio Solution File, Format Version 12.00
Project("{FAE04EC0-301F-11D3-BF4B-00C04F79EFBC}") = "TheGreatLeviathan", "TheGreatLeviathan\TheGreatLeviathan.csproj", "{E8E9AF0E-E362-43E1-A3D6-A7271C565637}"
EndProject
Project("{FAE04EC0-301F-11D3-BF4B-00C04F79EFBC}") = "LevikeTest", "LevikeTest\LevikeTest.csproj", "{7BC9C097-90C4-4111-AAE2-521229BD39CD}"
EndProject
Global
	GlobalSection(SolutionConfigurationPlatforms) = preSolution
		Debug|Any CPU = Debug|Any CPU
		Release|Any CPU = Release|Any CPU
	EndGlobalSection
	GlobalSection(ProjectConfigurationPlatforms) = postSolution
		{E8E9AF0E-E362-43E1-A3D6-A7271C565637}.Debug|Any CPU.ActiveCfg = Debug|Any CPU
		{E8E9AF0E-E362-43E1-A3D6-A7271C565637}.Debug|Any CPU.Build.0 = Debug|Any CPU
		{E8E9AF0E-E362-43E1-A3D6-A7271C565637}.Release|Any CPU.ActiveCfg = Release|Any CPU
		{E8E9AF0E-E362-43E1-A3D6-A7271C565637}.Release|Any CPU.Build.0 = Release|Any CPU
		{7BC9C097-90C4-4111-AAE2-521229BD39CD}.Debug|Any CPU.ActiveCfg = Debug|Any CPU
		{7BC9C097-90C4-4111-AAE2-521229BD39CD}.Debug|Any CPU.Build.0 = Debug|Any CPU
		{7BC9C097-90C4-4111-AAE2-521229BD39CD}.Release|Any CPU.ActiveCfg = Release|Any CPU
		{7BC9C097-90C4-4111-AAE2-521229BD39CD}.Release|Any CPU.Build.0 = Release|Any CPU
	EndGlobalSection
EndGlobal
